
Microsoft Visual Studio Solution File, Format Version 12.00
# Visual Studio Version 16
VisualStudioVersion = 16.0.28803.156
MinimumVisualStudioVersion = 10.0.40219.1
Project("{FAE04EC0-301F-11D3-BF4B-00C04F79EFBC}") = "AggregatePresentation", "AggregatePresentation\AggregatePresentation.csproj", "{AEFDE1B2-7958-47D7-82E1-EA5C19ADAF5C}"
EndProject
Global
	GlobalSection(SolutionConfigurationPlatforms) = preSolution
		Debug|Any CPU = Debug|Any CPU
		Release|Any CPU = Release|Any CPU
	EndGlobalSection
	GlobalSection(ProjectConfigurationPlatforms) = postSolution
		{AEFDE1B2-7958-47D7-82E1-EA5C19ADAF5C}.Debug|Any CPU.ActiveCfg = Debug|Any CPU
		{AEFDE1B2-7958-47D7-82E1-EA5C19ADAF5C}.Debug|Any CPU.Build.0 = Debug|Any CPU
		{AEFDE1B2-7958-47D7-82E1-EA5C19ADAF5C}.Release|Any CPU.ActiveCfg = Release|Any CPU
		{AEFDE1B2-7958-47D7-82E1-EA5C19ADAF5C}.Release|Any CPU.Build.0 = Release|Any CPU
	EndGlobalSection
	GlobalSection(SolutionProperties) = preSolution
		HideSolutionNode = FALSE
	EndGlobalSection
	GlobalSection(ExtensibilityGlobals) = postSolution
		SolutionGuid = {8BC42F30-1C13-421D-BD2E-ACBCAB500727}
	EndGlobalSection
EndGlobal
